// !$*UTF8*$!
{
	archiveVersion = 1;
	classes = {
	};
	objectVersion = 46;
	objects = {

/* Begin PBXBuildFile section */
		85BA196A1C326D3600D14AE2 /* main.m in Sources */ = {isa = PBXBuildFile; fileRef = 85BA19691C326D3600D14AE2 /* main.m */; };
		85BA196D1C326D3600D14AE2 /* AppDelegate.m in Sources */ = {isa = PBXBuildFile; fileRef = 85BA196C1C326D3600D14AE2 /* AppDelegate.m */; };
		85BA19701C326D3600D14AE2 /* ViewController.m in Sources */ = {isa = PBXBuildFile; fileRef = 85BA196F1C326D3600D14AE2 /* ViewController.m */; };
		85BA19731C326D3600D14AE2 /* Main.storyboard in Resources */ = {isa = PBXBuildFile; fileRef = 85BA19711C326D3600D14AE2 /* Main.storyboard */; };
		85BA19751C326D3600D14AE2 /* Assets.xcassets in Resources */ = {isa = PBXBuildFile; fileRef = 85BA19741C326D3600D14AE2 /* Assets.xcassets */; };
		85BA19781C326D3600D14AE2 /* LaunchScreen.storyboard in Resources */ = {isa = PBXBuildFile; fileRef = 85BA19761C326D3600D14AE2 /* LaunchScreen.storyboard */; };
/* End PBXBuildFile section */

/* Begin PBXFileReference section */
		85BA19651C326D3600D14AE2 /* GitTest.app */ = {isa = PBXFileReference; explicitFileType = wrapper.application; includeInIndex = 0; path = GitTest.app; sourceTree = BUILT_PRODUCTS_DIR; };
		85BA19691C326D3600D14AE2 /* main.m */ = {isa = PBXFileReference; lastKnownFileType = sourcecode.c.objc; path = main.m; sourceTree = "<group>"; };
		85BA196B1C326D3600D14AE2 /* AppDelegate.h */ = {isa = PBXFileReference; lastKnownFileType = sourcecode.c.h; path = AppDelegate.h; sourceTree = "<group>"; };
		85BA196C1C326D3600D14AE2 /* AppDelegate.m */ = {isa = PBXFileReference; lastKnownFileType = sourcecode.c.objc; path = AppDelegate.m; sourceTree = "<group>"; };
		85BA196E1C326D3600D14AE2 /* ViewController.h */ = {isa = PBXFileReference; lastKnownFileType = sourcecode.c.h; path = ViewController.h; sourceTree = "<group>"; };
		85BA196F1C326D3600D14AE2 /* ViewController.m */ = {isa = PBXFileReference; lastKnownFileType = sourcecode.c.objc; path = ViewController.m; sourceTree = "<group>"; };
		85BA19721C326D3600D14AE2 /* Base */ = {isa = PBXFileReference; lastKnownFileType = file.storyboard; name = Base; path = Base.lproj/Main.storyboard; sourceTree = "<group>"; };
		85BA19741C326D3600D14AE2 /* Assets.xcassets */ = {isa = PBXFileReference; lastKnownFileType = folder.assetcatalog; path = Assets.xcassets; sourceTree = "<group>"; };
		85BA19771C326D3600D14AE2 /* Base */ = {isa = PBXFileReference; lastKnownFileType = file.storyboard; name = Base; path = Base.lproj/LaunchScreen.storyboard; sourceTree = "<group>"; };
		85BA19791C326D3600D14AE2 /* Info.plist */ = {isa = PBXFileReference; lastKnownFileType = text.plist.xml; path = Info.plist; sourceTree = "<group>"; };
/* End PBXFileReference section */

/* Begin PBXFrameworksBuildPhase section */
		85BA19621C326D3600D14AE2 /* Frameworks */ = {
			isa = PBXFrameworksBuildPhase;
			buildActionMask = 2147483647;
			files = (
			);
			runOnlyForDeploymentPostprocessing = 0;
		};
/* End PBXFrameworksBuildPhase section */

/* Begin PBXGroup section */
		85BA195C1C326D3600D14AE2 = {
			isa = PBXGroup;
			children = (
				85BA19671C326D3600D14AE2 /* GitTest */,
				85BA19661C326D3600D14AE2 /* Products */,
			);
			sourceTree = "<group>";
		};
		85BA19661C326D3600D14AE2 /* Products */ = {
			isa = PBXGroup;
			children = (
				85BA19651C326D3600D14AE2 /* GitTest.app */,
			);
			name = Products;
			sourceTree = "<group>";
		};
		85BA19671C326D3600D14AE2 /* GitTest */ = {
			isa = PBXGroup;
			children = (
				85BA196B1C326D3600D14AE2 /* AppDelegate.h */,
				85BA196C1C326D3600D14AE2 /* AppDelegate.m */,
				85BA196E1C326D3600D14AE2 /* ViewController.h */,
				85BA196F1C326D3600D14AE2 /* ViewController.m */,
				85BA19711C326D3600D14AE2 /* Main.storyboard */,
				85BA19741C326D3600D14AE2 /* Assets.xcassets */,
				85BA19761C326D3600D14AE2 /* LaunchScreen.storyboard */,
				85BA19791C326D3600D14AE2 /* Info.plist */,
				85BA19681C326D3600D14AE2 /* Supporting Files */,
			);
			path = GitTest;
			sourceTree = "<group>";
		};
		85BA19681C326D3600D14AE2 /* Supporting Files */ = {
			isa = PBXGroup;
			children = (
				85BA19691C326D3600D14AE2 /* main.m */,
			);
			name = "Supporting Files";
			sourceTree = "<group>";
		};
/* End PBXGroup section */

/* Begin PBXNativeTarget section */
		85BA19641C326D3600D14AE2 /* GitTest */ = {
			isa = PBXNativeTarget;
			buildConfigurationList = 85BA197C1C326D3600D14AE2 /* Build configuration list for PBXNativeTarget "GitTest" */;
			buildPhases = (
				85BA19611C326D3600D14AE2 /* Sources */,
				85BA19621C326D3600D14AE2 /* Frameworks */,
				85BA19631C326D3600D14AE2 /* Resources */,
			);
			buildRules = (
			);
			dependencies = (
			);
			name = GitTest;
			productName = GitTest;
			productReference = 85BA19651C326D3600D14AE2 /* GitTest.app */;
			productType = "com.apple.product-type.application";
		};
/* End PBXNativeTarget section */

/* Begin PBXProject section */
		85BA195D1C326D3600D14AE2 /* Project object */ = {
			isa = PBXProject;
			attributes = {
				LastUpgradeCheck = 0710;
				ORGANIZATIONNAME = tarena;
				TargetAttributes = {
					85BA19641C326D3600D14AE2 = {
						CreatedOnToolsVersion = 7.1;
					};
				};
			};
			buildConfigurationList = 85BA19601C326D3600D14AE2 /* Build configuration list for PBXProject "GitTest" */;
			compatibilityVersion = "Xcode 3.2";
			developmentRegion = English;
			hasScannedForEncodings = 0;
			knownRegions = (
				en,
				Base,
			);
			mainGroup = 85BA195C1C326D3600D14AE2;
			productRefGroup = 85BA19661C326D3600D14AE2 /* Products */;
			projectDirPath = "";
			projectRoot = "";
			targets = (
				85BA19641C326D3600D14AE2 /* GitTest */,
			);
		};
/* End PBXProject section */

/* Begin PBXResourcesBuildPhase section */
		85BA19631C326D3600D14AE2 /* Resources */ = {
			isa = PBXResourcesBuildPhase;
			buildActionMask = 2147483647;
			files = (
				85BA19781C326D3600D14AE2 /* LaunchScreen.storyboard in Resources */,
				85BA19751C326D3600D14AE2 /* Assets.xcassets in Resources */,
				85BA19731C326D3600D14AE2 /* Main.storyboard in Resources */,
			);
			runOnlyForDeploymentPostprocessing = 0;
		};
/* End PBXResourcesBuildPhase section */

/* Begin PBXSourcesBuildPhase section */
		85BA19611C326D3600D14AE2 /* Sources */ = {
			isa = PBXSourcesBuildPhase;
			buildActionMask = 2147483647;
			files = (
				85BA19701C326D3600D14AE2 /* ViewController.m in Sources */,
				85BA196D1C326D3600D14AE2 /* AppDelegate.m in Sources */,
				85BA196A1C326D3600D14AE2 /* main.m in Sources */,
			);
			runOnlyForDeploymentPostprocessing = 0;
		};
/* End PBXSourcesBuildPhase section */

/* Begin PBXVariantGroup section */
		85BA19711C326D3600D14AE2 /* Main.storyboard */ = {
			isa = PBXVariantGroup;
			children = (
				85BA19721C326D3600D14AE2 /* Base */,
			);
			name = Main.storyboard;
			sourceTree = "<group>";
		};
		85BA19761C326D3600D14AE2 /* LaunchScreen.storyboard */ = {
			isa = PBXVariantGroup;
			children = (
				85BA19771C326D3600D14AE2 /* Base */,
			);
			name = LaunchScreen.storyboard;
			sourceTree = "<group>";
		};
/* End PBXVariantGroup section */

/* Begin XCBuildConfiguration section */
		85BA197A1C326D3600D14AE2 /* Debug */ = {
			isa = XCBuildConfiguration;
			buildSettings = {
				ALWAYS_SEARCH_USER_PATHS = NO;
				CLANG_CXX_LANGUAGE_STANDARD = "gnu++0x";
				CLANG_CXX_LIBRARY = "libc++";
				CLANG_ENABLE_MODULES = YES;
				CLANG_ENABLE_OBJC_ARC = YES;
				CLANG_WARN_BOOL_CONVERSION = YES;
				CLANG_WARN_CONSTANT_CONVERSION = YES;
				CLANG_WARN_DIRECT_OBJC_ISA_USAGE = YES_ERROR;
				CLANG_WARN_EMPTY_BODY = YES;
				CLANG_WARN_ENUM_CONVERSION = YES;
				CLANG_WARN_INT_CONVERSION = YES;
				CLANG_WARN_OBJC_ROOT_CLASS = YES_ERROR;
				CLANG_WARN_UNREACHABLE_CODE = YES;
				CLANG_WARN__DUPLICATE_METHOD_MATCH = YES;
				"CODE_SIGN_IDENTITY[sdk=iphoneos*]" = "iPhone Developer";
				COPY_PHASE_STRIP = NO;
				DEBUG_INFORMATION_FORMAT = dwarf;
				ENABLE_STRICT_OBJC_MSGSEND = YES;
				ENABLE_TESTABILITY = YES;
				GCC_C_LANGUAGE_STANDARD = gnu99;
				GCC_DYNAMIC_NO_PIC = NO;
				GCC_NO_COMMON_BLOCKS = YES;
				GCC_OPTIMIZATION_LEVEL = 0;
				GCC_PREPROCESSOR_DEFINITIONS = (
					"DEBUG=1",
					"$(inherited)",
				);
				GCC_WARN_64_TO_32_BIT_CONVERSION = YES;
				GCC_WARN_ABOUT_RETURN_TYPE = YES_ERROR;
				GCC_WARN_UNDECLARED_SELECTOR = YES;
				GCC_WARN_UNINITIALIZED_AUTOS = YES_AGGRESSIVE;
				GCC_WARN_UNUSED_FUNCTION = YES;
				GCC_WARN_UNUSED_VARIABLE = YES;
				IPHONEOS_DEPLOYMENT_TARGET = 9.1;
				MTL_ENABLE_DEBUG_INFO = YES;
				ONLY_ACTIVE_ARCH = YES;
				SDKROOT = iphoneos;
			};
			name = Debug;
		};
		85BA197B1C326D3600D14AE2 /* Release */ = {
			isa = XCBuildConfiguration;
			buildSettings = {
				ALWAYS_SEARCH_USER_PATHS = NO;
				CLANG_CXX_LANGUAGE_STANDARD = "gnu++0x";
				CLANG_CXX_LIBRARY = "libc++";
				CLANG_ENABLE_MODULES = YES;
				CLANG_ENABLE_OBJC_ARC = YES;
				CLANG_WARN_BOOL_CONVERSION = YES;
				CLANG_WARN_CONSTANT_CONVERSION = YES;
				CLANG_WARN_DIRECT_OBJC_ISA_USAGE = YES_ERROR;
				CLANG_WARN_EMPTY_BODY = YES;
				CLANG_WARN_ENUM_CONVERSION = YES;
				CLANG_WARN_INT_CONVERSION = YES;
				CLANG_WARN_OBJC_ROOT_CLASS = YES_ERROR;
				CLANG_WARN_UNREACHABLE_CODE = YES;
				CLANG_WARN__DUPLICATE_METHOD_MATCH = YES;
				"CODE_SIGN_IDENTITY[sdk=iphoneos*]" = "iPhone Developer";
				COPY_PHASE_STRIP = NO;
				DEBUG_INFORMATION_FORMAT = "dwarf-with-dsym";
				ENABLE_NS_ASSERTIONS = NO;
				ENABLE_STRICT_OBJC_MSGSEND = YES;
				GCC_C_LANGUAGE_STANDARD = gnu99;
				GCC_NO_COMMON_BLOCKS = YES;
				GCC_WARN_64_TO_32_BIT_CONVERSION = YES;
				GCC_WARN_ABOUT_RETURN_TYPE = YES_ERROR;
				GCC_WARN_UNDECLARED_SELECTOR = YES;
				GCC_WARN_UNINITIALIZED_AUTOS = YES_AGGRESSIVE;
				GCC_WARN_UNUSED_FUNCTION = YES;
				GCC_WARN_UNUSED_VARIABLE = YES;
				IPHONEOS_DEPLOYMENT_TARGET = 9.1;
				MTL_ENABLE_DEBUG_INFO = NO;
				SDKROOT = iphoneos;
				VALIDATE_PRODUCT = YES;
			};
			name = Release;
		};
		85BA197D1C326D3600D14AE2 /* Debug */ = {
			isa = XCBuildConfiguration;
			buildSettings = {
				ASSETCATALOG_COMPILER_APPICON_NAME = AppIcon;
				INFOPLIST_FILE = GitTest/Info.plist;
				LD_RUNPATH_SEARCH_PATHS = "$(inherited) @executable_path/Frameworks";
				PRODUCT_BUNDLE_IDENTIFIER = com.tarena.GitTest;
				PRODUCT_NAME = "$(TARGET_NAME)";
			};
			name = Debug;
		};
		85BA197E1C326D3600D14AE2 /* Release */ = {
			isa = XCBuildConfiguration;
			buildSettings = {
				ASSETCATALOG_COMPILER_APPICON_NAME = AppIcon;
				INFOPLIST_FILE = GitTest/Info.plist;
				LD_RUNPATH_SEARCH_PATHS = "$(inherited) @executable_path/Frameworks";
				PRODUCT_BUNDLE_IDENTIFIER = com.tarena.GitTest;
				PRODUCT_NAME = "$(TARGET_NAME)";
			};
			name = Release;
		};
/* End XCBuildConfiguration section */

/* Begin XCConfigurationList section */
		85BA19601C326D3600D14AE2 /* Build configuration list for PBXProject "GitTest" */ = {
			isa = XCConfigurationList;
			buildConfigurations = (
				85BA197A1C326D3600D14AE2 /* Debug */,
				85BA197B1C326D3600D14AE2 /* Release */,
			);
			defaultConfigurationIsVisible = 0;
			defaultConfigurationName = Release;
		};
		85BA197C1C326D3600D14AE2 /* Build configuration list for PBXNativeTarget "GitTest" */ = {
			isa = XCConfigurationList;
			buildConfigurations = (
				85BA197D1C326D3600D14AE2 /* Debug */,
				85BA197E1C326D3600D14AE2 /* Release */,
			);
			defaultConfigurationIsVisible = 0;
		};
/* End XCConfigurationList section */
	};
	rootObject = 85BA195D1C326D3600D14AE2 /* Project object */;
}
